
Microsoft Visual Studio Solution File, Format Version 12.00
# Visual Studio Version 16
VisualStudioVersion = 16.0.31515.178
MinimumVisualStudioVersion = 10.0.40219.1
Project("{2150E333-8FDC-42A3-9474-1A3956D46DE8}") = "PizzaAppMigration", "PizzaAppMigration", "{3408142D-B005-420E-9C94-882359F5732F}"
EndProject
Project("{2150E333-8FDC-42A3-9474-1A3956D46DE8}") = "PizzaAppApi", "PizzaAppApi", "{1D8B8D2A-2638-4E50-A2E3-3242BB768077}"
EndProject
Project("{9A19103F-16F7-4668-BE54-9A1E7A4F7556}") = "PizzaApi", "PizzaApi\PizzaApi.csproj", "{4A05914A-1B94-4AE8-AE22-215FD153F4E2}"
EndProject
Project("{2150E333-8FDC-42A3-9474-1A3956D46DE8}") = "Data", "Data", "{1DE3C778-1DDF-4A05-BD29-9B655F6827A7}"
EndProject
Project("{2150E333-8FDC-42A3-9474-1A3956D46DE8}") = "DatabaseGeneric", "DatabaseGeneric", "{FF09C03A-F09A-4EBA-9F4E-A917E79FA089}"
EndProject
Project("{2150E333-8FDC-42A3-9474-1A3956D46DE8}") = "DatabaseSpecific", "DatabaseSpecific", "{43BCFE22-672D-4654-91E5-CF3D659023FC}"
EndProject
Project("{2150E333-8FDC-42A3-9474-1A3956D46DE8}") = "OrderView", "OrderView", "{18D98E8D-944F-46E9-8F8B-6168BE9AFEB7}"
EndProject
Project("{2150E333-8FDC-42A3-9474-1A3956D46DE8}") = "OrderView.Persistence", "OrderView.Persistence", "{4EE3318F-607A-4372-93EC-22BB1A45DD2A}"
EndProject
Project("{9A19103F-16F7-4668-BE54-9A1E7A4F7556}") = "PizzaMigration", "PizzaMigration\PizzaMigration.csproj", "{76BE6942-6A27-414B-8E1E-AF60194D6E4F}"
EndProject
Project("{2150E333-8FDC-42A3-9474-1A3956D46DE8}") = "PizzaAppRazor", "PizzaAppRazor", "{87FE84D0-ED1A-42C1-97C7-1AB3882E233A}"
EndProject
Project("{9A19103F-16F7-4668-BE54-9A1E7A4F7556}") = "PizzaAppRazor", "PizzaAppRazor\PizzaAppRazor.csproj", "{E4DB31A2-5464-4E2D-A917-52F6489CEADB}"
EndProject
Project("{9A19103F-16F7-4668-BE54-9A1E7A4F7556}") = "PizzaAppData", "Data\DatabaseGeneric\PizzaAppData.csproj", "{5A7D5ACE-3D34-406A-AC09-AB6E4D802438}"
EndProject
Project("{9A19103F-16F7-4668-BE54-9A1E7A4F7556}") = "PizzaAppDataDBSpecific", "Data\DatabaseSpecific\PizzaAppDataDBSpecific.csproj", "{E683E476-EE72-4360-B60E-56203C5597FD}"
EndProject
Project("{9A19103F-16F7-4668-BE54-9A1E7A4F7556}") = "OrderView", "Data\OrderView\OrderView.csproj", "{86CA9B7F-6EEE-418E-91A1-3916655ADB4F}"
EndProject
Project("{9A19103F-16F7-4668-BE54-9A1E7A4F7556}") = "OrderView.Persistence", "Data\OrderView.Persistence\OrderView.Persistence.csproj", "{DC74165F-90A8-467E-9700-0853F300D567}"
EndProject
Global
	GlobalSection(SolutionConfigurationPlatforms) = preSolution
		Debug|Any CPU = Debug|Any CPU
		Release|Any CPU = Release|Any CPU
	EndGlobalSection
	GlobalSection(ProjectConfigurationPlatforms) = postSolution
		{4A05914A-1B94-4AE8-AE22-215FD153F4E2}.Debug|Any CPU.ActiveCfg = Debug|Any CPU
		{4A05914A-1B94-4AE8-AE22-215FD153F4E2}.Debug|Any CPU.Build.0 = Debug|Any CPU
		{4A05914A-1B94-4AE8-AE22-215FD153F4E2}.Release|Any CPU.ActiveCfg = Release|Any CPU
		{4A05914A-1B94-4AE8-AE22-215FD153F4E2}.Release|Any CPU.Build.0 = Release|Any CPU
		{76BE6942-6A27-414B-8E1E-AF60194D6E4F}.Debug|Any CPU.ActiveCfg = Debug|Any CPU
		{76BE6942-6A27-414B-8E1E-AF60194D6E4F}.Debug|Any CPU.Build.0 = Debug|Any CPU
		{76BE6942-6A27-414B-8E1E-AF60194D6E4F}.Release|Any CPU.ActiveCfg = Release|Any CPU
		{76BE6942-6A27-414B-8E1E-AF60194D6E4F}.Release|Any CPU.Build.0 = Release|Any CPU
		{E4DB31A2-5464-4E2D-A917-52F6489CEADB}.Debug|Any CPU.ActiveCfg = Debug|Any CPU
		{E4DB31A2-5464-4E2D-A917-52F6489CEADB}.Debug|Any CPU.Build.0 = Debug|Any CPU
		{E4DB31A2-5464-4E2D-A917-52F6489CEADB}.Release|Any CPU.ActiveCfg = Release|Any CPU
		{E4DB31A2-5464-4E2D-A917-52F6489CEADB}.Release|Any CPU.Build.0 = Release|Any CPU
		{5A7D5ACE-3D34-406A-AC09-AB6E4D802438}.Debug|Any CPU.ActiveCfg = Debug|Any CPU
		{5A7D5ACE-3D34-406A-AC09-AB6E4D802438}.Debug|Any CPU.Build.0 = Debug|Any CPU
		{5A7D5ACE-3D34-406A-AC09-AB6E4D802438}.Release|Any CPU.ActiveCfg = Release|Any CPU
		{5A7D5ACE-3D34-406A-AC09-AB6E4D802438}.Release|Any CPU.Build.0 = Release|Any CPU
		{E683E476-EE72-4360-B60E-56203C5597FD}.Debug|Any CPU.ActiveCfg = Debug|Any CPU
		{E683E476-EE72-4360-B60E-56203C5597FD}.Debug|Any CPU.Build.0 = Debug|Any CPU
		{E683E476-EE72-4360-B60E-56203C5597FD}.Release|Any CPU.ActiveCfg = Release|Any CPU
		{E683E476-EE72-4360-B60E-56203C5597FD}.Release|Any CPU.Build.0 = Release|Any CPU
		{86CA9B7F-6EEE-418E-91A1-3916655ADB4F}.Debug|Any CPU.ActiveCfg = Debug|Any CPU
		{86CA9B7F-6EEE-418E-91A1-3916655ADB4F}.Debug|Any CPU.Build.0 = Debug|Any CPU
		{86CA9B7F-6EEE-418E-91A1-3916655ADB4F}.Release|Any CPU.ActiveCfg = Release|Any CPU
		{86CA9B7F-6EEE-418E-91A1-3916655ADB4F}.Release|Any CPU.Build.0 = Release|Any CPU
		{DC74165F-90A8-467E-9700-0853F300D567}.Debug|Any CPU.ActiveCfg = Debug|Any CPU
		{DC74165F-90A8-467E-9700-0853F300D567}.Debug|Any CPU.Build.0 = Debug|Any CPU
		{DC74165F-90A8-467E-9700-0853F300D567}.Release|Any CPU.ActiveCfg = Release|Any CPU
		{DC74165F-90A8-467E-9700-0853F300D567}.Release|Any CPU.Build.0 = Release|Any CPU
	EndGlobalSection
	GlobalSection(SolutionProperties) = preSolution
		HideSolutionNode = FALSE
	EndGlobalSection
	GlobalSection(NestedProjects) = preSolution
		{4A05914A-1B94-4AE8-AE22-215FD153F4E2} = {1D8B8D2A-2638-4E50-A2E3-3242BB768077}
		{FF09C03A-F09A-4EBA-9F4E-A917E79FA089} = {1DE3C778-1DDF-4A05-BD29-9B655F6827A7}
		{43BCFE22-672D-4654-91E5-CF3D659023FC} = {1DE3C778-1DDF-4A05-BD29-9B655F6827A7}
		{18D98E8D-944F-46E9-8F8B-6168BE9AFEB7} = {1DE3C778-1DDF-4A05-BD29-9B655F6827A7}
		{4EE3318F-607A-4372-93EC-22BB1A45DD2A} = {1DE3C778-1DDF-4A05-BD29-9B655F6827A7}
		{76BE6942-6A27-414B-8E1E-AF60194D6E4F} = {3408142D-B005-420E-9C94-882359F5732F}
		{E4DB31A2-5464-4E2D-A917-52F6489CEADB} = {87FE84D0-ED1A-42C1-97C7-1AB3882E233A}
		{5A7D5ACE-3D34-406A-AC09-AB6E4D802438} = {FF09C03A-F09A-4EBA-9F4E-A917E79FA089}
		{E683E476-EE72-4360-B60E-56203C5597FD} = {43BCFE22-672D-4654-91E5-CF3D659023FC}
		{86CA9B7F-6EEE-418E-91A1-3916655ADB4F} = {18D98E8D-944F-46E9-8F8B-6168BE9AFEB7}
		{DC74165F-90A8-467E-9700-0853F300D567} = {4EE3318F-607A-4372-93EC-22BB1A45DD2A}
	EndGlobalSection
	GlobalSection(ExtensibilityGlobals) = postSolution
		SolutionGuid = {FC7367CB-A688-4F2B-9951-B1861401CE10}
	EndGlobalSection
EndGlobal
